
Microsoft Visual Studio Solution File, Format Version 12.00
# Visual Studio 14
VisualStudioVersion = 14.0.23107.0
MinimumVisualStudioVersion = 10.0.40219.1
Project("{FAE04EC0-301F-11D3-BF4B-00C04F79EFBC}") = "Roslin.AdventOfCode.Day1", "Roslin.AdventOfCode.Day1\Roslin.AdventOfCode.Day1.csproj", "{75CC3DC5-85F9-4DAD-9475-E7D292CBD453}"
EndProject
Project("{FAE04EC0-301F-11D3-BF4B-00C04F79EFBC}") = "Roslin.AdventOfCode.Day2", "Roslin.AdventOfCode.Day2\Roslin.AdventOfCode.Day2.csproj", "{8C3AAABF-1350-4F4A-A9E9-4C04AB16ADD2}"
EndProject
Project("{FAE04EC0-301F-11D3-BF4B-00C04F79EFBC}") = "Roslin.AdventOfCode.Day3", "Roslin.AdventOfCode.Day3\Roslin.AdventOfCode.Day3.csproj", "{32EF1B6C-2991-4815-8AD6-5F95A1E17C0C}"
EndProject
Project("{FAE04EC0-301F-11D3-BF4B-00C04F79EFBC}") = "Roslin.AdventOfCode.Day4", "Roslin.AdventOfCode.Day4\Roslin.AdventOfCode.Day4.csproj", "{EBCB5B11-4C32-43F8-BDB0-14F3BF1D2DA1}"
EndProject
Project("{FAE04EC0-301F-11D3-BF4B-00C04F79EFBC}") = "Roslin.AdventOfCode.Day5", "Roslin.AdventOfCode.Day5\Roslin.AdventOfCode.Day5.csproj", "{3219A05D-CD8F-4371-802F-C19F39CB3D6F}"
EndProject
Project("{FAE04EC0-301F-11D3-BF4B-00C04F79EFBC}") = "Roslin.AdventOfCode.Day6", "Roslin.AdventOfCode.Day6\Roslin.AdventOfCode.Day6.csproj", "{A4DE3656-8EA8-4FCF-8384-4C3C873FBA87}"
EndProject
Project("{FAE04EC0-301F-11D3-BF4B-00C04F79EFBC}") = "Roslin.AdventOfCode.Day7", "Roslin.AdventOfCode.Day7\Roslin.AdventOfCode.Day7.csproj", "{2988BC6E-E336-4B37-9C69-55336EB99141}"
EndProject
Project("{FAE04EC0-301F-11D3-BF4B-00C04F79EFBC}") = "Roslin.AdventOfCode.Common", "Roslin.AdventOfCode.Common\Roslin.AdventOfCode.Common.csproj", "{3C09A744-62B0-47B4-ACBB-C5042A4CE84D}"
EndProject
Project("{FAE04EC0-301F-11D3-BF4B-00C04F79EFBC}") = "Roslin.AdventOfCode.Day8", "Roslin.AdventOfCode.Day8\Roslin.AdventOfCode.Day8.csproj", "{67612C16-C4FB-4960-956D-55C0CAE445D4}"
EndProject
Global
	GlobalSection(SolutionConfigurationPlatforms) = preSolution
		Debug|Any CPU = Debug|Any CPU
		Release|Any CPU = Release|Any CPU
	EndGlobalSection
	GlobalSection(ProjectConfigurationPlatforms) = postSolution
		{75CC3DC5-85F9-4DAD-9475-E7D292CBD453}.Debug|Any CPU.ActiveCfg = Debug|Any CPU
		{75CC3DC5-85F9-4DAD-9475-E7D292CBD453}.Debug|Any CPU.Build.0 = Debug|Any CPU
		{75CC3DC5-85F9-4DAD-9475-E7D292CBD453}.Release|Any CPU.ActiveCfg = Release|Any CPU
		{75CC3DC5-85F9-4DAD-9475-E7D292CBD453}.Release|Any CPU.Build.0 = Release|Any CPU
		{8C3AAABF-1350-4F4A-A9E9-4C04AB16ADD2}.Debug|Any CPU.ActiveCfg = Debug|Any CPU
		{8C3AAABF-1350-4F4A-A9E9-4C04AB16ADD2}.Debug|Any CPU.Build.0 = Debug|Any CPU
		{8C3AAABF-1350-4F4A-A9E9-4C04AB16ADD2}.Release|Any CPU.ActiveCfg = Release|Any CPU
		{8C3AAABF-1350-4F4A-A9E9-4C04AB16ADD2}.Release|Any CPU.Build.0 = Release|Any CPU
		{32EF1B6C-2991-4815-8AD6-5F95A1E17C0C}.Debug|Any CPU.ActiveCfg = Debug|Any CPU
		{32EF1B6C-2991-4815-8AD6-5F95A1E17C0C}.Debug|Any CPU.Build.0 = Debug|Any CPU
		{32EF1B6C-2991-4815-8AD6-5F95A1E17C0C}.Release|Any CPU.ActiveCfg = Release|Any CPU
		{32EF1B6C-2991-4815-8AD6-5F95A1E17C0C}.Release|Any CPU.Build.0 = Release|Any CPU
		{EBCB5B11-4C32-43F8-BDB0-14F3BF1D2DA1}.Debug|Any CPU.ActiveCfg = Debug|Any CPU
		{EBCB5B11-4C32-43F8-BDB0-14F3BF1D2DA1}.Debug|Any CPU.Build.0 = Debug|Any CPU
		{EBCB5B11-4C32-43F8-BDB0-14F3BF1D2DA1}.Release|Any CPU.ActiveCfg = Release|Any CPU
		{EBCB5B11-4C32-43F8-BDB0-14F3BF1D2DA1}.Release|Any CPU.Build.0 = Release|Any CPU
		{3219A05D-CD8F-4371-802F-C19F39CB3D6F}.Debug|Any CPU.ActiveCfg = Debug|Any CPU
		{3219A05D-CD8F-4371-802F-C19F39CB3D6F}.Debug|Any CPU.Build.0 = Debug|Any CPU
		{3219A05D-CD8F-4371-802F-C19F39CB3D6F}.Release|Any CPU.ActiveCfg = Release|Any CPU
		{3219A05D-CD8F-4371-802F-C19F39CB3D6F}.Release|Any CPU.Build.0 = Release|Any CPU
		{A4DE3656-8EA8-4FCF-8384-4C3C873FBA87}.Debug|Any CPU.ActiveCfg = Debug|Any CPU
		{A4DE3656-8EA8-4FCF-8384-4C3C873FBA87}.Debug|Any CPU.Build.0 = Debug|Any CPU
		{A4DE3656-8EA8-4FCF-8384-4C3C873FBA87}.Release|Any CPU.ActiveCfg = Release|Any CPU
		{A4DE3656-8EA8-4FCF-8384-4C3C873FBA87}.Release|Any CPU.Build.0 = Release|Any CPU
		{2988BC6E-E336-4B37-9C69-55336EB99141}.Debug|Any CPU.ActiveCfg = Debug|Any CPU
		{2988BC6E-E336-4B37-9C69-55336EB99141}.Debug|Any CPU.Build.0 = Debug|Any CPU
		{2988BC6E-E336-4B37-9C69-55336EB99141}.Release|Any CPU.ActiveCfg = Release|Any CPU
		{2988BC6E-E336-4B37-9C69-55336EB99141}.Release|Any CPU.Build.0 = Release|Any CPU
		{3C09A744-62B0-47B4-ACBB-C5042A4CE84D}.Debug|Any CPU.ActiveCfg = Debug|Any CPU
		{3C09A744-62B0-47B4-ACBB-C5042A4CE84D}.Debug|Any CPU.Build.0 = Debug|Any CPU
		{3C09A744-62B0-47B4-ACBB-C5042A4CE84D}.Release|Any CPU.ActiveCfg = Release|Any CPU
		{3C09A744-62B0-47B4-ACBB-C5042A4CE84D}.Release|Any CPU.Build.0 = Release|Any CPU
		{67612C16-C4FB-4960-956D-55C0CAE445D4}.Debug|Any CPU.ActiveCfg = Debug|Any CPU
		{67612C16-C4FB-4960-956D-55C0CAE445D4}.Debug|Any CPU.Build.0 = Debug|Any CPU
		{67612C16-C4FB-4960-956D-55C0CAE445D4}.Release|Any CPU.ActiveCfg = Release|Any CPU
		{67612C16-C4FB-4960-956D-55C0CAE445D4}.Release|Any CPU.Build.0 = Release|Any CPU
	EndGlobalSection
	GlobalSection(SolutionProperties) = preSolution
		HideSolutionNode = FALSE
	EndGlobalSection
EndGlobal
